// !$*UTF8*$!
{
	archiveVersion = 1;
	classes = {
	};
	objectVersion = 77;
	objects = {

/* Begin PBXContainerItemProxy section */
		BF363D3E2CFDAA3D002BBBDF /* PBXContainerItemProxy */ = {
			isa = PBXContainerItemProxy;
			containerPortal = BF363D1F2CFDAA3A002BBBDF /* Project object */;
			proxyType = 1;
			remoteGlobalIDString = BF363D262CFDAA3A002BBBDF;
			remoteInfo = SwiftTestingDemo;
		};
		BF363D482CFDAA3D002BBBDF /* PBXContainerItemProxy */ = {
			isa = PBXContainerItemProxy;
			containerPortal = BF363D1F2CFDAA3A002BBBDF /* Project object */;
			proxyType = 1;
			remoteGlobalIDString = BF363D262CFDAA3A002BBBDF;
			remoteInfo = SwiftTestingDemo;
		};
/* End PBXContainerItemProxy section */

/* Begin PBXFileReference section */
		BF363D272CFDAA3A002BBBDF /* SwiftTestingDemo.app */ = {isa = PBXFileReference; explicitFileType = wrapper.application; includeInIndex = 0; path = SwiftTestingDemo.app; sourceTree = BUILT_PRODUCTS_DIR; };
		BF363D3D2CFDAA3D002BBBDF /* SwiftTestingDemoTests.xctest */ = {isa = PBXFileReference; explicitFileType = wrapper.cfbundle; includeInIndex = 0; path = SwiftTestingDemoTests.xctest; sourceTree = BUILT_PRODUCTS_DIR; };
		BF363D472CFDAA3D002BBBDF /* SwiftTestingDemoUITests.xctest */ = {isa = PBXFileReference; explicitFileType = wrapper.cfbundle; includeInIndex = 0; path = SwiftTestingDemoUITests.xctest; sourceTree = BUILT_PRODUCTS_DIR; };
/* End PBXFileReference section */

/* Begin PBXFileSystemSynchronizedBuildFileExceptionSet section */
		BF363D4F2CFDAA3D002BBBDF /* Exceptions for "SwiftTestingDemo" folder in "SwiftTestingDemo" target */ = {
			isa = PBXFileSystemSynchronizedBuildFileExceptionSet;
			membershipExceptions = (
				Info.plist,
			);
			target = BF363D262CFDAA3A002BBBDF /* SwiftTestingDemo */;
		};
/* End PBXFileSystemSynchronizedBuildFileExceptionSet section */

/* Begin PBXFileSystemSynchronizedRootGroup section */
		BF363D292CFDAA3A002BBBDF /* SwiftTestingDemo */ = {
			isa = PBXFileSystemSynchronizedRootGroup;
			exceptions = (
				BF363D4F2CFDAA3D002BBBDF /* Exceptions for "SwiftTestingDemo" folder in "SwiftTestingDemo" target */,
			);
			path = SwiftTestingDemo;
			sourceTree = "<group>";
		};
		BF363D402CFDAA3D002BBBDF /* SwiftTestingDemoTests */ = {
			isa = PBXFileSystemSynchronizedRootGroup;
			path = SwiftTestingDemoTests;
			sourceTree = "<group>";
		};
		BF363D4A2CFDAA3D002BBBDF /* SwiftTestingDemoUITests */ = {
			isa = PBXFileSystemSynchronizedRootGroup;
			path = SwiftTestingDemoUITests;
			sourceTree = "<group>";
		};
/* End PBXFileSystemSynchronizedRootGroup section */

/* Begin PBXFrameworksBuildPhase section */
		BF363D242CFDAA3A002BBBDF /* Frameworks */ = {
			isa = PBXFrameworksBuildPhase;
			buildActionMask = 2147483647;
			files = (
			);
			runOnlyForDeploymentPostprocessing = 0;
		};
		BF363D3A2CFDAA3D002BBBDF /* Frameworks */ = {
			isa = PBXFrameworksBuildPhase;
			buildActionMask = 2147483647;
			files = (
			);
			runOnlyForDeploymentPostprocessing = 0;
		};
		BF363D442CFDAA3D002BBBDF /* Frameworks */ = {
			isa = PBXFrameworksBuildPhase;
			buildActionMask = 2147483647;
			files = (
			);
			runOnlyForDeploymentPostprocessing = 0;
		};
/* End PBXFrameworksBuildPhase section */

/* Begin PBXGroup section */
		BF363D1E2CFDAA3A002BBBDF = {
			isa = PBXGroup;
			children = (
				BF363D292CFDAA3A002BBBDF /* SwiftTestingDemo */,
				BF363D402CFDAA3D002BBBDF /* SwiftTestingDemoTests */,
				BF363D4A2CFDAA3D002BBBDF /* SwiftTestingDemoUITests */,
				BF363D282CFDAA3A002BBBDF /* Products */,
			);
			sourceTree = "<group>";
		};
		BF363D282CFDAA3A002BBBDF /* Products */ = {
			isa = PBXGroup;
			children = (
				BF363D272CFDAA3A002BBBDF /* SwiftTestingDemo.app */,
				BF363D3D2CFDAA3D002BBBDF /* SwiftTestingDemoTests.xctest */,
				BF363D472CFDAA3D002BBBDF /* SwiftTestingDemoUITests.xctest */,
			);
			name = Products;
			sourceTree = "<group>";
		};
/* End PBXGroup section */

/* Begin PBXNativeTarget section */
		BF363D262CFDAA3A002BBBDF /* SwiftTestingDemo */ = {
			isa = PBXNativeTarget;
			buildConfigurationList = BF363D502CFDAA3D002BBBDF /* Build configuration list for PBXNativeTarget "SwiftTestingDemo" */;
			buildPhases = (
				BF363D232CFDAA3A002BBBDF /* Sources */,
				BF363D242CFDAA3A002BBBDF /* Frameworks */,
				BF363D252CFDAA3A002BBBDF /* Resources */,
			);
			buildRules = (
			);
			dependencies = (
			);
			fileSystemSynchronizedGroups = (
				BF363D292CFDAA3A002BBBDF /* SwiftTestingDemo */,
			);
			name = SwiftTestingDemo;
			packageProductDependencies = (
			);
			productName = SwiftTestingDemo;
			productReference = BF363D272CFDAA3A002BBBDF /* SwiftTestingDemo.app */;
			productType = "com.apple.product-type.application";
		};
		BF363D3C2CFDAA3D002BBBDF /* SwiftTestingDemoTests */ = {
			isa = PBXNativeTarget;
			buildConfigurationList = BF363D552CFDAA3D002BBBDF /* Build configuration list for PBXNativeTarget "SwiftTestingDemoTests" */;
			buildPhases = (
				BF363D392CFDAA3D002BBBDF /* Sources */,
				BF363D3A2CFDAA3D002BBBDF /* Frameworks */,
				BF363D3B2CFDAA3D002BBBDF /* Resources */,
			);
			buildRules = (
			);
			dependencies = (
				BF363D3F2CFDAA3D002BBBDF /* PBXTargetDependency */,
			);
			fileSystemSynchronizedGroups = (
				BF363D402CFDAA3D002BBBDF /* SwiftTestingDemoTests */,
			);
			name = SwiftTestingDemoTests;
			packageProductDependencies = (
			);
			productName = SwiftTestingDemoTests;
			productReference = BF363D3D2CFDAA3D002BBBDF /* SwiftTestingDemoTests.xctest */;
			productType = "com.apple.product-type.bundle.unit-test";
		};
		BF363D462CFDAA3D002BBBDF /* SwiftTestingDemoUITests */ = {
			isa = PBXNativeTarget;
			buildConfigurationList = BF363D582CFDAA3D002BBBDF /* Build configuration list for PBXNativeTarget "SwiftTestingDemoUITests" */;
			buildPhases = (
				BF363D432CFDAA3D002BBBDF /* Sources */,
				BF363D442CFDAA3D002BBBDF /* Frameworks */,
				BF363D452CFDAA3D002BBBDF /* Resources */,
			);
			buildRules = (
			);
			dependencies = (
				BF363D492CFDAA3D002BBBDF /* PBXTargetDependency */,
			);
			fileSystemSynchronizedGroups = (
				BF363D4A2CFDAA3D002BBBDF /* SwiftTestingDemoUITests */,
			);
			name = SwiftTestingDemoUITests;
			packageProductDependencies = (
			);
			productName = SwiftTestingDemoUITests;
			productReference = BF363D472CFDAA3D002BBBDF /* SwiftTestingDemoUITests.xctest */;
			productType = "com.apple.product-type.bundle.ui-testing";
		};
/* End PBXNativeTarget section */

/* Begin PBXProject section */
		BF363D1F2CFDAA3A002BBBDF /* Project object */ = {
			isa = PBXProject;
			attributes = {
				BuildIndependentTargetsInParallel = 1;
				LastSwiftUpdateCheck = 1610;
				LastUpgradeCheck = 1610;
				TargetAttributes = {
					BF363D262CFDAA3A002BBBDF = {
						CreatedOnToolsVersion = 16.1;
					};
					BF363D3C2CFDAA3D002BBBDF = {
						CreatedOnToolsVersion = 16.1;
						TestTargetID = BF363D262CFDAA3A002BBBDF;
					};
					BF363D462CFDAA3D002BBBDF = {
						CreatedOnToolsVersion = 16.1;
						TestTargetID = BF363D262CFDAA3A002BBBDF;
					};
				};
			};
			buildConfigurationList = BF363D222CFDAA3A002BBBDF /* Build configuration list for PBXProject "SwiftTestingDemo" */;
			developmentRegion = en;
			hasScannedForEncodings = 0;
			knownRegions = (
				en,
				Base,
			);
			mainGroup = BF363D1E2CFDAA3A002BBBDF;
			minimizedProjectReferenceProxies = 1;
			preferredProjectObjectVersion = 77;
			productRefGroup = BF363D282CFDAA3A002BBBDF /* Products */;
			projectDirPath = "";
			projectRoot = "";
			targets = (
				BF363D262CFDAA3A002BBBDF /* SwiftTestingDemo */,
				BF363D3C2CFDAA3D002BBBDF /* SwiftTestingDemoTests */,
				BF363D462CFDAA3D002BBBDF /* SwiftTestingDemoUITests */,
			);
		};
/* End PBXProject section */

/* Begin PBXResourcesBuildPhase section */
		BF363D252CFDAA3A002BBBDF /* Resources */ = {
			isa = PBXResourcesBuildPhase;
			buildActionMask = 2147483647;
			files = (
			);
			runOnlyForDeploymentPostprocessing = 0;
		};
		BF363D3B2CFDAA3D002BBBDF /* Resources */ = {
			isa = PBXResourcesBuildPhase;
			buildActionMask = 2147483647;
			files = (
			);
			runOnlyForDeploymentPostprocessing = 0;
		};
		BF363D452CFDAA3D002BBBDF /* Resources */ = {
			isa = PBXResourcesBuildPhase;
			buildActionMask = 2147483647;
			files = (
			);
			runOnlyForDeploymentPostprocessing = 0;
		};
/* End PBXResourcesBuildPhase section */

/* Begin PBXSourcesBuildPhase section */
		BF363D232CFDAA3A002BBBDF /* Sources */ = {
			isa = PBXSourcesBuildPhase;
			buildActionMask = 2147483647;
			files = (
			);
			runOnlyForDeploymentPostprocessing = 0;
		};
		BF363D392CFDAA3D002BBBDF /* Sources */ = {
			isa = PBXSourcesBuildPhase;
			buildActionMask = 2147483647;
			files = (
			);
			runOnlyForDeploymentPostprocessing = 0;
		};
		BF363D432CFDAA3D002BBBDF /* Sources */ = {
			isa = PBXSourcesBuildPhase;
			buildActionMask = 2147483647;
			files = (
			);
			runOnlyForDeploymentPostprocessing = 0;
		};
/* End PBXSourcesBuildPhase section */

/* Begin PBXTargetDependency section */
		BF363D3F2CFDAA3D002BBBDF /* PBXTargetDependency */ = {
			isa = PBXTargetDependency;
			target = BF363D262CFDAA3A002BBBDF /* SwiftTestingDemo */;
			targetProxy = BF363D3E2CFDAA3D002BBBDF /* PBXContainerItemProxy */;
		};
		BF363D492CFDAA3D002BBBDF /* PBXTargetDependency */ = {
			isa = PBXTargetDependency;
			target = BF363D262CFDAA3A002BBBDF /* SwiftTestingDemo */;
			targetProxy = BF363D482CFDAA3D002BBBDF /* PBXContainerItemProxy */;
		};
/* End PBXTargetDependency section */

/* Begin XCBuildConfiguration section */
		BF363D512CFDAA3D002BBBDF /* Debug */ = {
			isa = XCBuildConfiguration;
			buildSettings = {
				ASSETCATALOG_COMPILER_APPICON_NAME = AppIcon;
				ASSETCATALOG_COMPILER_GLOBAL_ACCENT_COLOR_NAME = AccentColor;
				CODE_SIGN_STYLE = Automatic;
				CURRENT_PROJECT_VERSION = 1;
				DEVELOPMENT_TEAM = QW7324TCJY;
				GENERATE_INFOPLIST_FILE = YES;
				INFOPLIST_FILE = SwiftTestingDemo/Info.plist;
				INFOPLIST_KEY_UIApplicationSupportsIndirectInputEvents = YES;
				INFOPLIST_KEY_UILaunchStoryboardName = LaunchScreen;
				INFOPLIST_KEY_UIMainStoryboardFile = Main;
				INFOPLIST_KEY_UISupportedInterfaceOrientations_iPad = "UIInterfaceOrientationPortrait UIInterfaceOrientationPortraitUpsideDown UIInterfaceOrientationLandscapeLeft UIInterfaceOrientationLandscapeRight";
				INFOPLIST_KEY_UISupportedInterfaceOrientations_iPhone = "UIInterfaceOrientationPortrait UIInterfaceOrientationLandscapeLeft UIInterfaceOrientationLandscapeRight";
				LD_RUNPATH_SEARCH_PATHS = (
					"$(inherited)",
					"@executable_path/Frameworks",
				);
				MARKETING_VERSION = 1.0;
				PRODUCT_BUNDLE_IDENTIFIER = com.liuming.SwiftTestingDemo;
				PRODUCT_NAME = "$(TARGET_NAME)";
				SWIFT_EMIT_LOC_STRINGS = YES;
				SWIFT_VERSION = 5.0;
				TARGETED_DEVICE_FAMILY = "1,2";
			};
			name = Debug;
		};
		BF363D522CFDAA3D002BBBDF /* Release */ = {
			isa = XCBuildConfiguration;
			buildSettings = {
				ASSETCATALOG_COMPILER_APPICON_NAME = AppIcon;
				ASSETCATALOG_COMPILER_GLOBAL_ACCENT_COLOR_NAME = AccentColor;
				CODE_SIGN_STYLE = Automatic;
				CURRENT_PROJECT_VERSION = 1;
				DEVELOPMENT_TEAM = QW7324TCJY;
				GENERATE_INFOPLIST_FILE = YES;
				INFOPLIST_FILE = SwiftTestingDemo/Info.plist;
				INFOPLIST_KEY_UIApplicationSupportsIndirectInputEvents = YES;
				INFOPLIST_KEY_UILaunchStoryboardName = LaunchScreen;
				INFOPLIST_KEY_UIMainStoryboardFile = Main;
				INFOPLIST_KEY_UISupportedInterfaceOrientations_iPad = "UIInterfaceOrientationPortrait UIInterfaceOrientationPortraitUpsideDown UIInterfaceOrientationLandscapeLeft UIInterfaceOrientationLandscapeRight";
				INFOPLIST_KEY_UISupportedInterfaceOrientations_iPhone = "UIInterfaceOrientationPortrait UIInterfaceOrientationLandscapeLeft UIInterfaceOrientationLandscapeRight";
				LD_RUNPATH_SEARCH_PATHS = (
					"$(inherited)",
					"@executable_path/Frameworks",
				);
				MARKETING_VERSION = 1.0;
				PRODUCT_BUNDLE_IDENTIFIER = com.liuming.SwiftTestingDemo;
				PRODUCT_NAME = "$(TARGET_NAME)";
				SWIFT_EMIT_LOC_STRINGS = YES;
				SWIFT_VERSION = 5.0;
				TARGETED_DEVICE_FAMILY = "1,2";
			};
			name = Release;
		};
		BF363D532CFDAA3D002BBBDF /* Debug */ = {
			isa = XCBuildConfiguration;
			buildSettings = {
				ALWAYS_SEARCH_USER_PATHS = NO;
				ASSETCATALOG_COMPILER_GENERATE_SWIFT_ASSET_SYMBOL_EXTENSIONS = YES;
				CLANG_ANALYZER_NONNULL = YES;
				CLANG_ANALYZER_NUMBER_OBJECT_CONVERSION = YES_AGGRESSIVE;
				CLANG_CXX_LANGUAGE_STANDARD = "gnu++20";
				CLANG_ENABLE_MODULES = YES;
				CLANG_ENABLE_OBJC_ARC = YES;
				CLANG_ENABLE_OBJC_WEAK = YES;
				CLANG_WARN_BLOCK_CAPTURE_AUTORELEASING = YES;
				CLANG_WARN_BOOL_CONVERSION = YES;
				CLANG_WARN_COMMA = YES;
				CLANG_WARN_CONSTANT_CONVERSION = YES;
				CLANG_WARN_DEPRECATED_OBJC_IMPLEMENTATIONS = YES;
				CLANG_WARN_DIRECT_OBJC_ISA_USAGE = YES_ERROR;
				CLANG_WARN_DOCUMENTATION_COMMENTS = YES;
				CLANG_WARN_EMPTY_BODY = YES;
				CLANG_WARN_ENUM_CONVERSION = YES;
				CLANG_WARN_INFINITE_RECURSION = YES;
				CLANG_WARN_INT_CONVERSION = YES;
				CLANG_WARN_NON_LITERAL_NULL_CONVERSION = YES;
				CLANG_WARN_OBJC_IMPLICIT_RETAIN_SELF = YES;
				CLANG_WARN_OBJC_LITERAL_CONVERSION = YES;
				CLANG_WARN_OBJC_ROOT_CLASS = YES_ERROR;
				CLANG_WARN_QUOTED_INCLUDE_IN_FRAMEWORK_HEADER = YES;
				CLANG_WARN_RANGE_LOOP_ANALYSIS = YES;
				CLANG_WARN_STRICT_PROTOTYPES = YES;
				CLANG_WARN_SUSPICIOUS_MOVE = YES;
				CLANG_WARN_UNGUARDED_AVAILABILITY = YES_AGGRESSIVE;
				CLANG_WARN_UNREACHABLE_CODE = YES;
				CLANG_WARN__DUPLICATE_METHOD_MATCH = YES;
				COPY_PHASE_STRIP = NO;
				DEBUG_INFORMATION_FORMAT = dwarf;
				ENABLE_STRICT_OBJC_MSGSEND = YES;
				ENABLE_TESTABILITY = YES;
				ENABLE_USER_SCRIPT_SANDBOXING = YES;
				GCC_C_LANGUAGE_STANDARD = gnu17;
				GCC_DYNAMIC_NO_PIC = NO;
				GCC_NO_COMMON_BLOCKS = YES;
				GCC_OPTIMIZATION_LEVEL = 0;
				GCC_PREPROCESSOR_DEFINITIONS = (
					"DEBUG=1",
					"$(inherited)",
				);
				GCC_WARN_64_TO_32_BIT_CONVERSION = YES;
				GCC_WARN_ABOUT_RETURN_TYPE = YES_ERROR;
				GCC_WARN_UNDECLARED_SELECTOR = YES;
				GCC_WARN_UNINITIALIZED_AUTOS = YES_AGGRESSIVE;
				GCC_WARN_UNUSED_FUNCTION = YES;
				GCC_WARN_UNUSED_VARIABLE = YES;
				IPHONEOS_DEPLOYMENT_TARGET = 18.1;
				LOCALIZATION_PREFERS_STRING_CATALOGS = YES;
				MTL_ENABLE_DEBUG_INFO = INCLUDE_SOURCE;
				MTL_FAST_MATH = YES;
				ONLY_ACTIVE_ARCH = YES;
				SDKROOT = iphoneos;
				SWIFT_ACTIVE_COMPILATION_CONDITIONS = "DEBUG $(inherited)";
				SWIFT_OPTIMIZATION_LEVEL = "-Onone";
			};
			name = Debug;
		};
		BF363D542CFDAA3D002BBBDF /* Release */ = {
			isa = XCBuildConfiguration;
			buildSettings = {
				ALWAYS_SEARCH_USER_PATHS = NO;
				ASSETCATALOG_COMPILER_GENERATE_SWIFT_ASSET_SYMBOL_EXTENSIONS = YES;
				CLANG_ANALYZER_NONNULL = YES;
				CLANG_ANALYZER_NUMBER_OBJECT_CONVERSION = YES_AGGRESSIVE;
				CLANG_CXX_LANGUAGE_STANDARD = "gnu++20";
				CLANG_ENABLE_MODULES = YES;
				CLANG_ENABLE_OBJC_ARC = YES;
				CLANG_ENABLE_OBJC_WEAK = YES;
				CLANG_WARN_BLOCK_CAPTURE_AUTORELEASING = YES;
				CLANG_WARN_BOOL_CONVERSION = YES;
				CLANG_WARN_COMMA = YES;
				CLANG_WARN_CONSTANT_CONVERSION = YES;
				CLANG_WARN_DEPRECATED_OBJC_IMPLEMENTATIONS = YES;
				CLANG_WARN_DIRECT_OBJC_ISA_USAGE = YES_ERROR;
				CLANG_WARN_DOCUMENTATION_COMMENTS = YES;
				CLANG_WARN_EMPTY_BODY = YES;
				CLANG_WARN_ENUM_CONVERSION = YES;
				CLANG_WARN_INFINITE_RECURSION = YES;
				CLANG_WARN_INT_CONVERSION = YES;
				CLANG_WARN_NON_LITERAL_NULL_CONVERSION = YES;
				CLANG_WARN_OBJC_IMPLICIT_RETAIN_SELF = YES;
				CLANG_WARN_OBJC_LITERAL_CONVERSION = YES;
				CLANG_WARN_OBJC_ROOT_CLASS = YES_ERROR;
				CLANG_WARN_QUOTED_INCLUDE_IN_FRAMEWORK_HEADER = YES;
				CLANG_WARN_RANGE_LOOP_ANALYSIS = YES;
				CLANG_WARN_STRICT_PROTOTYPES = YES;
				CLANG_WARN_SUSPICIOUS_MOVE = YES;
				CLANG_WARN_UNGUARDED_AVAILABILITY = YES_AGGRESSIVE;
				CLANG_WARN_UNREACHABLE_CODE = YES;
				CLANG_WARN__DUPLICATE_METHOD_MATCH = YES;
				COPY_PHASE_STRIP = NO;
				DEBUG_INFORMATION_FORMAT = "dwarf-with-dsym";
				ENABLE_NS_ASSERTIONS = NO;
				ENABLE_STRICT_OBJC_MSGSEND = YES;
				ENABLE_USER_SCRIPT_SANDBOXING = YES;
				GCC_C_LANGUAGE_STANDARD = gnu17;
				GCC_NO_COMMON_BLOCKS = YES;
				GCC_WARN_64_TO_32_BIT_CONVERSION = YES;
				GCC_WARN_ABOUT_RETURN_TYPE = YES_ERROR;
				GCC_WARN_UNDECLARED_SELECTOR = YES;
				GCC_WARN_UNINITIALIZED_AUTOS = YES_AGGRESSIVE;
				GCC_WARN_UNUSED_FUNCTION = YES;
				GCC_WARN_UNUSED_VARIABLE = YES;
				IPHONEOS_DEPLOYMENT_TARGET = 18.1;
				LOCALIZATION_PREFERS_STRING_CATALOGS = YES;
				MTL_ENABLE_DEBUG_INFO = NO;
				MTL_FAST_MATH = YES;
				SDKROOT = iphoneos;
				SWIFT_COMPILATION_MODE = wholemodule;
				VALIDATE_PRODUCT = YES;
			};
			name = Release;
		};
		BF363D562CFDAA3D002BBBDF /* Debug */ = {
			isa = XCBuildConfiguration;
			buildSettings = {
				BUNDLE_LOADER = "$(TEST_HOST)";
				CODE_SIGN_STYLE = Automatic;
				CURRENT_PROJECT_VERSION = 1;
				DEVELOPMENT_TEAM = QW7324TCJY;
				GENERATE_INFOPLIST_FILE = YES;
				IPHONEOS_DEPLOYMENT_TARGET = 18.1;
				MARKETING_VERSION = 1.0;
				PRODUCT_BUNDLE_IDENTIFIER = com.liuming.SwiftTestingDemoTests;
				PRODUCT_NAME = "$(TARGET_NAME)";
				SWIFT_EMIT_LOC_STRINGS = NO;
				SWIFT_VERSION = 5.0;
				TARGETED_DEVICE_FAMILY = "1,2";
				TEST_HOST = "$(BUILT_PRODUCTS_DIR)/SwiftTestingDemo.app/$(BUNDLE_EXECUTABLE_FOLDER_PATH)/SwiftTestingDemo";
			};
			name = Debug;
		};
		BF363D572CFDAA3D002BBBDF /* Release */ = {
			isa = XCBuildConfiguration;
			buildSettings = {
				BUNDLE_LOADER = "$(TEST_HOST)";
				CODE_SIGN_STYLE = Automatic;
				CURRENT_PROJECT_VERSION = 1;
				DEVELOPMENT_TEAM = QW7324TCJY;
				GENERATE_INFOPLIST_FILE = YES;
				IPHONEOS_DEPLOYMENT_TARGET = 18.1;
				MARKETING_VERSION = 1.0;
				PRODUCT_BUNDLE_IDENTIFIER = com.liuming.SwiftTestingDemoTests;
				PRODUCT_NAME = "$(TARGET_NAME)";
				SWIFT_EMIT_LOC_STRINGS = NO;
				SWIFT_VERSION = 5.0;
				TARGETED_DEVICE_FAMILY = "1,2";
				TEST_HOST = "$(BUILT_PRODUCTS_DIR)/SwiftTestingDemo.app/$(BUNDLE_EXECUTABLE_FOLDER_PATH)/SwiftTestingDemo";
			};
			name = Release;
		};
		BF363D592CFDAA3D002BBBDF /* Debug */ = {
			isa = XCBuildConfiguration;
			buildSettings = {
				CODE_SIGN_STYLE = Automatic;
				CURRENT_PROJECT_VERSION = 1;
				DEVELOPMENT_TEAM = QW7324TCJY;
				GENERATE_INFOPLIST_FILE = YES;
				MARKETING_VERSION = 1.0;
				PRODUCT_BUNDLE_IDENTIFIER = com.liuming.SwiftTestingDemoUITests;
				PRODUCT_NAME = "$(TARGET_NAME)";
				SWIFT_EMIT_LOC_STRINGS = NO;
				SWIFT_VERSION = 5.0;
				TARGETED_DEVICE_FAMILY = "1,2";
				TEST_TARGET_NAME = SwiftTestingDemo;
			};
			name = Debug;
		};
		BF363D5A2CFDAA3D002BBBDF /* Release */ = {
			isa = XCBuildConfiguration;
			buildSettings = {
				CODE_SIGN_STYLE = Automatic;
				CURRENT_PROJECT_VERSION = 1;
				DEVELOPMENT_TEAM = QW7324TCJY;
				GENERATE_INFOPLIST_FILE = YES;
				MARKETING_VERSION = 1.0;
				PRODUCT_BUNDLE_IDENTIFIER = com.liuming.SwiftTestingDemoUITests;
				PRODUCT_NAME = "$(TARGET_NAME)";
				SWIFT_EMIT_LOC_STRINGS = NO;
				SWIFT_VERSION = 5.0;
				TARGETED_DEVICE_FAMILY = "1,2";
				TEST_TARGET_NAME = SwiftTestingDemo;
			};
			name = Release;
		};
/* End XCBuildConfiguration section */

/* Begin XCConfigurationList section */
		BF363D222CFDAA3A002BBBDF /* Build configuration list for PBXProject "SwiftTestingDemo" */ = {
			isa = XCConfigurationList;
			buildConfigurations = (
				BF363D532CFDAA3D002BBBDF /* Debug */,
				BF363D542CFDAA3D002BBBDF /* Release */,
			);
			defaultConfigurationIsVisible = 0;
			defaultConfigurationName = Release;
		};
		BF363D502CFDAA3D002BBBDF /* Build configuration list for PBXNativeTarget "SwiftTestingDemo" */ = {
			isa = XCConfigurationList;
			buildConfigurations = (
				BF363D512CFDAA3D002BBBDF /* Debug */,
				BF363D522CFDAA3D002BBBDF /* Release */,
			);
			defaultConfigurationIsVisible = 0;
			defaultConfigurationName = Release;
		};
		BF363D552CFDAA3D002BBBDF /* Build configuration list for PBXNativeTarget "SwiftTestingDemoTests" */ = {
			isa = XCConfigurationList;
			buildConfigurations = (
				BF363D562CFDAA3D002BBBDF /* Debug */,
				BF363D572CFDAA3D002BBBDF /* Release */,
			);
			defaultConfigurationIsVisible = 0;
			defaultConfigurationName = Release;
		};
		BF363D582CFDAA3D002BBBDF /* Build configuration list for PBXNativeTarget "SwiftTestingDemoUITests" */ = {
			isa = XCConfigurationList;
			buildConfigurations = (
				BF363D592CFDAA3D002BBBDF /* Debug */,
				BF363D5A2CFDAA3D002BBBDF /* Release */,
			);
			defaultConfigurationIsVisible = 0;
			defaultConfigurationName = Release;
		};
/* End XCConfigurationList section */
	};
	rootObject = BF363D1F2CFDAA3A002BBBDF /* Project object */;
}
